
Microsoft Visual Studio Solution File, Format Version 12.00
Project("{FAE04EC0-301F-11D3-BF4B-00C04F79EFBC}") = "CleanArchitecture.Api", "CleanArchitecture.Api\CleanArchitecture.Api.csproj", "{6F3AC768-F274-4F2F-8052-3DB370F7BA7E}"
EndProject
Project("{FAE04EC0-301F-11D3-BF4B-00C04F79EFBC}") = "CleanArchitecture.Domain", "CleanArchitecture.Domain\CleanArchitecture.Domain.csproj", "{A7D57CC7-1311-4D09-81B3-A06E9B5AA260}"
EndProject
Project("{FAE04EC0-301F-11D3-BF4B-00C04F79EFBC}") = "CleanArchitecture.Infrastructure", "CleanArchitecture.Infrastructure\CleanArchitecture.Infrastructure.csproj", "{E8ED4072-E96A-4A4A-BEB6-C310A909E46B}"
EndProject
Project("{FAE04EC0-301F-11D3-BF4B-00C04F79EFBC}") = "CleanArchitecture.Application", "CleanArchitecture.Application\CleanArchitecture.Application.csproj", "{E9B51D05-B4FB-4FD5-A20B-8DD6A2710305}"
EndProject
Project("{FAE04EC0-301F-11D3-BF4B-00C04F79EFBC}") = "CleanArchitecture.Application..Tets.Unit", "CleanArchitecture.Application..Tets.Unit\CleanArchitecture.Application..Tets.Unit.csproj", "{6C61C716-C1BB-47F4-A2CC-117A28676F2D}"
EndProject
Project("{2150E333-8FDC-42A3-9474-1A3956D46DE8}") = "src", "src", "{03EEAD79-A8CF-45EA-B783-76BCF3AFC256}"
EndProject
Project("{2150E333-8FDC-42A3-9474-1A3956D46DE8}") = "tests", "tests", "{F5478A5F-8A90-4F94-BFE8-62637D39C2C8}"
EndProject
Project("{FAE04EC0-301F-11D3-BF4B-00C04F79EFBC}") = "CleanArchitecture.Api.Tests.Integration", "CleanArchitecture.Api.Tests.Integration\CleanArchitecture.Api.Tests.Integration.csproj", "{8224DAB7-E43F-4938-B2D5-21B935890431}"
EndProject
Global
	GlobalSection(SolutionConfigurationPlatforms) = preSolution
		Debug|Any CPU = Debug|Any CPU
		Release|Any CPU = Release|Any CPU
	EndGlobalSection
	GlobalSection(ProjectConfigurationPlatforms) = postSolution
		{6F3AC768-F274-4F2F-8052-3DB370F7BA7E}.Debug|Any CPU.ActiveCfg = Debug|Any CPU
		{6F3AC768-F274-4F2F-8052-3DB370F7BA7E}.Debug|Any CPU.Build.0 = Debug|Any CPU
		{6F3AC768-F274-4F2F-8052-3DB370F7BA7E}.Release|Any CPU.ActiveCfg = Release|Any CPU
		{6F3AC768-F274-4F2F-8052-3DB370F7BA7E}.Release|Any CPU.Build.0 = Release|Any CPU
		{A7D57CC7-1311-4D09-81B3-A06E9B5AA260}.Debug|Any CPU.ActiveCfg = Debug|Any CPU
		{A7D57CC7-1311-4D09-81B3-A06E9B5AA260}.Debug|Any CPU.Build.0 = Debug|Any CPU
		{A7D57CC7-1311-4D09-81B3-A06E9B5AA260}.Release|Any CPU.ActiveCfg = Release|Any CPU
		{A7D57CC7-1311-4D09-81B3-A06E9B5AA260}.Release|Any CPU.Build.0 = Release|Any CPU
		{E8ED4072-E96A-4A4A-BEB6-C310A909E46B}.Debug|Any CPU.ActiveCfg = Debug|Any CPU
		{E8ED4072-E96A-4A4A-BEB6-C310A909E46B}.Debug|Any CPU.Build.0 = Debug|Any CPU
		{E8ED4072-E96A-4A4A-BEB6-C310A909E46B}.Release|Any CPU.ActiveCfg = Release|Any CPU
		{E8ED4072-E96A-4A4A-BEB6-C310A909E46B}.Release|Any CPU.Build.0 = Release|Any CPU
		{E9B51D05-B4FB-4FD5-A20B-8DD6A2710305}.Debug|Any CPU.ActiveCfg = Debug|Any CPU
		{E9B51D05-B4FB-4FD5-A20B-8DD6A2710305}.Debug|Any CPU.Build.0 = Debug|Any CPU
		{E9B51D05-B4FB-4FD5-A20B-8DD6A2710305}.Release|Any CPU.ActiveCfg = Release|Any CPU
		{E9B51D05-B4FB-4FD5-A20B-8DD6A2710305}.Release|Any CPU.Build.0 = Release|Any CPU
		{6C61C716-C1BB-47F4-A2CC-117A28676F2D}.Debug|Any CPU.ActiveCfg = Debug|Any CPU
		{6C61C716-C1BB-47F4-A2CC-117A28676F2D}.Debug|Any CPU.Build.0 = Debug|Any CPU
		{6C61C716-C1BB-47F4-A2CC-117A28676F2D}.Release|Any CPU.ActiveCfg = Release|Any CPU
		{6C61C716-C1BB-47F4-A2CC-117A28676F2D}.Release|Any CPU.Build.0 = Release|Any CPU
		{8224DAB7-E43F-4938-B2D5-21B935890431}.Debug|Any CPU.ActiveCfg = Debug|Any CPU
		{8224DAB7-E43F-4938-B2D5-21B935890431}.Debug|Any CPU.Build.0 = Debug|Any CPU
		{8224DAB7-E43F-4938-B2D5-21B935890431}.Release|Any CPU.ActiveCfg = Release|Any CPU
		{8224DAB7-E43F-4938-B2D5-21B935890431}.Release|Any CPU.Build.0 = Release|Any CPU
	EndGlobalSection
	GlobalSection(NestedProjects) = preSolution
		{6F3AC768-F274-4F2F-8052-3DB370F7BA7E} = {03EEAD79-A8CF-45EA-B783-76BCF3AFC256}
		{E9B51D05-B4FB-4FD5-A20B-8DD6A2710305} = {03EEAD79-A8CF-45EA-B783-76BCF3AFC256}
		{A7D57CC7-1311-4D09-81B3-A06E9B5AA260} = {03EEAD79-A8CF-45EA-B783-76BCF3AFC256}
		{E8ED4072-E96A-4A4A-BEB6-C310A909E46B} = {03EEAD79-A8CF-45EA-B783-76BCF3AFC256}
		{6C61C716-C1BB-47F4-A2CC-117A28676F2D} = {F5478A5F-8A90-4F94-BFE8-62637D39C2C8}
		{8224DAB7-E43F-4938-B2D5-21B935890431} = {F5478A5F-8A90-4F94-BFE8-62637D39C2C8}
	EndGlobalSection
EndGlobal
